<?xml version="1.0" encoding="utf-8"?>
<Project ToolsVersion="4.0" xmlns="http://schemas.microsoft.com/developer/msbuild/2003">
  <ItemGroup>
    <Filter Include="headers">
      <UniqueIdentifier>{93995380-89BD-4b04-88EB-625FBE52EBFB}</UniqueIdentifier>
      <Extensions>h;hh;hpp;hxx;hm;inl;inc;xsd</Extensions>
    </Filter>
    <Filter Include="headers\main">
      <UniqueIdentifier>{d4406eaf-1bae-4c51-a499-6024b7edacb1}</UniqueIdentifier>
    </Filter>
    <Filter Include="headers\elementos">
      <UniqueIdentifier>{b61fc1eb-371c-4138-a104-5e6325bdaabb}</UniqueIdentifier>
    </Filter>
    <Filter Include="resources">
      <UniqueIdentifier>{67DA6AB6-F800-4c08-8B7A-83BB121AAD01}</UniqueIdentifier>
      <Extensions>rc;ico;cur;bmp;dlg;rc2;rct;bin;rgs;gif;jpg;jpeg;jpe;resx;tiff;tif;png;wav;mfcribbon-ms</Extensions>
    </Filter>
    <Filter Include="sources">
      <UniqueIdentifier>{4FC737F1-C7A5-4376-A066-2A32D752A2FF}</UniqueIdentifier>
      <Extensions>cpp;c;cc;cxx;def;odl;idl;hpj;bat;asm;asmx</Extensions>
    </Filter>
    <Filter Include="sources\main">
      <UniqueIdentifier>{7a5d8a7e-780f-4055-9dd1-a0d109fee118}</UniqueIdentifier>
    </Filter>
    <Filter Include="sources\elementos">
      <UniqueIdentifier>{aa2d5a74-498e-4fd2-8334-084ca735734f}</UniqueIdentifier>
    </Filter>
  </ItemGroup>
  <ItemGroup>
    <ClInclude Include="Constantes.h">
      <Filter>headers\main</Filter>
    </ClInclude>
    <ClInclude Include="Tesoro.h">
      <Filter>headers\main</Filter>
    </ClInclude>
    <ClInclude Include="Util.h">
      <Filter>headers\main</Filter>
    </ClInclude>
    <ClInclude Include="targetver.h">
      <Filter>headers\main</Filter>
    </ClInclude>
    <ClInclude Include="stdafx.h">
      <Filter>headers\main</Filter>
    </ClInclude>
    <ClInclude Include="Anillo.h">
      <Filter>headers\elementos</Filter>
    </ClInclude>
    <ClInclude Include="Collar.h">
      <Filter>headers\elementos</Filter>
    </ClInclude>
    <ClInclude Include="Corona.h">
      <Filter>headers\elementos</Filter>
    </ClInclude>
    <ClInclude Include="Elemento.h">
      <Filter>headers\elementos</Filter>
    </ClInclude>
    <ClInclude Include="Moneda.h">
      <Filter>headers\elementos</Filter>
    </ClInclude>
    <ClInclude Include="Pirata.h">
      <Filter>headers\main</Filter>
    </ClInclude>
  </ItemGroup>
  <ItemGroup>
    <ClCompile Include="Anillo.cpp">
      <Filter>sources\elementos</Filter>
    </ClCompile>
    <ClCompile Include="Collar.cpp">
      <Filter>sources\elementos</Filter>
    </ClCompile>
    <ClCompile Include="Corona.cpp">
      <Filter>sources\elementos</Filter>
    </ClCompile>
    <ClCompile Include="Elemento.cpp">
      <Filter>sources\elementos</Filter>
    </ClCompile>
    <ClCompile Include="Moneda.cpp">
      <Filter>sources\elementos</Filter>
    </ClCompile>
    <ClCompile Include="Pirata.cpp">
      <Filter>sources\main</Filter>
    </ClCompile>
    <ClCompile Include="Tesoro.cpp">
      <Filter>sources\main</Filter>
    </ClCompile>
    <ClCompile Include="SolucionPirata.cpp">
      <Filter>sources\main</Filter>
    </ClCompile>
    <ClCompile Include="stdafx.cpp">
      <Filter>sources\main</Filter>
    </ClCompile>
  </ItemGroup>
  <ItemGroup>
    <Text Include="pirata.txt">
      <Filter>resources</Filter>
    </Text>
    <Text Include="tesoro.txt">
      <Filter>resources</Filter>
    </Text>
  </ItemGroup>
</Project>